// !$*UTF8*$!
{
	archiveVersion = 1;
	classes = {
	};
	objectVersion = 50;
	objects = {

/* Begin PBXBuildFile section */
		2B1ED0BC2109C96E00C89C9A /* AppDelegate.swift in Sources */ = {isa = PBXBuildFile; fileRef = 2B1ED0BB2109C96E00C89C9A /* AppDelegate.swift */; };
		2B1ED0BE2109C96E00C89C9A /* ViewController.swift in Sources */ = {isa = PBXBuildFile; fileRef = 2B1ED0BD2109C96E00C89C9A /* ViewController.swift */; };
		2B1ED0C12109C96E00C89C9A /* Main.storyboard in Resources */ = {isa = PBXBuildFile; fileRef = 2B1ED0BF2109C96E00C89C9A /* Main.storyboard */; };
		2B1ED0C32109C97000C89C9A /* Assets.xcassets in Resources */ = {isa = PBXBuildFile; fileRef = 2B1ED0C22109C97000C89C9A /* Assets.xcassets */; };
		2B1ED0C62109C97000C89C9A /* LaunchScreen.storyboard in Resources */ = {isa = PBXBuildFile; fileRef = 2B1ED0C42109C97000C89C9A /* LaunchScreen.storyboard */; };
		2B1ED0DC2109C97000C89C9A /* TicTacToeUITests.swift in Sources */ = {isa = PBXBuildFile; fileRef = 2B1ED0DB2109C97000C89C9A /* TicTacToeUITests.swift */; };
		2B1ED0EE2109CC3500C89C9A /* GameBoard.swift in Sources */ = {isa = PBXBuildFile; fileRef = 2B1ED0ED2109CC3500C89C9A /* GameBoard.swift */; };
		2B1ED0F02109CD3B00C89C9A /* BrainTests.swift in Sources */ = {isa = PBXBuildFile; fileRef = 2B1ED0EF2109CD3B00C89C9A /* BrainTests.swift */; };
		2B1ED0F4210A2DFF00C89C9A /* Brain.swift in Sources */ = {isa = PBXBuildFile; fileRef = 2B1ED0F3210A2DFF00C89C9A /* Brain.swift */; };
		2B1ED0F6210AE08700C89C9A /* GameTests.swift in Sources */ = {isa = PBXBuildFile; fileRef = 2B1ED0F5210AE08700C89C9A /* GameTests.swift */; };
		2B1ED0F8210AE56400C89C9A /* Player.swift in Sources */ = {isa = PBXBuildFile; fileRef = 2B1ED0F7210AE56400C89C9A /* Player.swift */; };
		2B1ED0FA210AE61100C89C9A /* Game.swift in Sources */ = {isa = PBXBuildFile; fileRef = 2B1ED0F9210AE61100C89C9A /* Game.swift */; };
		2B1ED0FC210B06DF00C89C9A /* GameState.swift in Sources */ = {isa = PBXBuildFile; fileRef = 2B1ED0FB210B06DF00C89C9A /* GameState.swift */; };
/* End PBXBuildFile section */

/* Begin PBXContainerItemProxy section */
		2B1ED0CD2109C97000C89C9A /* PBXContainerItemProxy */ = {
			isa = PBXContainerItemProxy;
			containerPortal = 2B1ED0B02109C96E00C89C9A /* Project object */;
			proxyType = 1;
			remoteGlobalIDString = 2B1ED0B72109C96E00C89C9A;
			remoteInfo = TicTacToe;
		};
		2B1ED0D82109C97000C89C9A /* PBXContainerItemProxy */ = {
			isa = PBXContainerItemProxy;
			containerPortal = 2B1ED0B02109C96E00C89C9A /* Project object */;
			proxyType = 1;
			remoteGlobalIDString = 2B1ED0B72109C96E00C89C9A;
			remoteInfo = TicTacToe;
		};
/* End PBXContainerItemProxy section */

/* Begin PBXFileReference section */
		2B1ED0B82109C96E00C89C9A /* TicTacToe.app */ = {isa = PBXFileReference; explicitFileType = wrapper.application; includeInIndex = 0; path = TicTacToe.app; sourceTree = BUILT_PRODUCTS_DIR; };
		2B1ED0BB2109C96E00C89C9A /* AppDelegate.swift */ = {isa = PBXFileReference; lastKnownFileType = sourcecode.swift; path = AppDelegate.swift; sourceTree = "<group>"; };
		2B1ED0BD2109C96E00C89C9A /* ViewController.swift */ = {isa = PBXFileReference; lastKnownFileType = sourcecode.swift; path = ViewController.swift; sourceTree = "<group>"; };
		2B1ED0C02109C96E00C89C9A /* Base */ = {isa = PBXFileReference; lastKnownFileType = file.storyboard; name = Base; path = Base.lproj/Main.storyboard; sourceTree = "<group>"; };
		2B1ED0C22109C97000C89C9A /* Assets.xcassets */ = {isa = PBXFileReference; lastKnownFileType = folder.assetcatalog; path = Assets.xcassets; sourceTree = "<group>"; };
		2B1ED0C52109C97000C89C9A /* Base */ = {isa = PBXFileReference; lastKnownFileType = file.storyboard; name = Base; path = Base.lproj/LaunchScreen.storyboard; sourceTree = "<group>"; };
		2B1ED0C72109C97000C89C9A /* Info.plist */ = {isa = PBXFileReference; lastKnownFileType = text.plist.xml; path = Info.plist; sourceTree = "<group>"; };
		2B1ED0CC2109C97000C89C9A /* TicTacToeTests.xctest */ = {isa = PBXFileReference; explicitFileType = wrapper.cfbundle; includeInIndex = 0; path = TicTacToeTests.xctest; sourceTree = BUILT_PRODUCTS_DIR; };
		2B1ED0D22109C97000C89C9A /* Info.plist */ = {isa = PBXFileReference; lastKnownFileType = text.plist.xml; path = Info.plist; sourceTree = "<group>"; };
		2B1ED0D72109C97000C89C9A /* TicTacToeUITests.xctest */ = {isa = PBXFileReference; explicitFileType = wrapper.cfbundle; includeInIndex = 0; path = TicTacToeUITests.xctest; sourceTree = BUILT_PRODUCTS_DIR; };
		2B1ED0DB2109C97000C89C9A /* TicTacToeUITests.swift */ = {isa = PBXFileReference; lastKnownFileType = sourcecode.swift; path = TicTacToeUITests.swift; sourceTree = "<group>"; };
		2B1ED0DD2109C97000C89C9A /* Info.plist */ = {isa = PBXFileReference; lastKnownFileType = text.plist.xml; path = Info.plist; sourceTree = "<group>"; };
		2B1ED0ED2109CC3500C89C9A /* GameBoard.swift */ = {isa = PBXFileReference; lastKnownFileType = sourcecode.swift; path = GameBoard.swift; sourceTree = "<group>"; };
		2B1ED0EF2109CD3B00C89C9A /* BrainTests.swift */ = {isa = PBXFileReference; lastKnownFileType = sourcecode.swift; path = BrainTests.swift; sourceTree = "<group>"; };
		2B1ED0F3210A2DFF00C89C9A /* Brain.swift */ = {isa = PBXFileReference; lastKnownFileType = sourcecode.swift; path = Brain.swift; sourceTree = "<group>"; };
		2B1ED0F5210AE08700C89C9A /* GameTests.swift */ = {isa = PBXFileReference; lastKnownFileType = sourcecode.swift; path = GameTests.swift; sourceTree = "<group>"; };
		2B1ED0F7210AE56400C89C9A /* Player.swift */ = {isa = PBXFileReference; lastKnownFileType = sourcecode.swift; path = Player.swift; sourceTree = "<group>"; };
		2B1ED0F9210AE61100C89C9A /* Game.swift */ = {isa = PBXFileReference; lastKnownFileType = sourcecode.swift; path = Game.swift; sourceTree = "<group>"; };
		2B1ED0FB210B06DF00C89C9A /* GameState.swift */ = {isa = PBXFileReference; lastKnownFileType = sourcecode.swift; path = GameState.swift; sourceTree = "<group>"; };
/* End PBXFileReference section */

/* Begin PBXFrameworksBuildPhase section */
		2B1ED0B52109C96E00C89C9A /* Frameworks */ = {
			isa = PBXFrameworksBuildPhase;
			buildActionMask = 2147483647;
			files = (
			);
			runOnlyForDeploymentPostprocessing = 0;
		};
		2B1ED0C92109C97000C89C9A /* Frameworks */ = {
			isa = PBXFrameworksBuildPhase;
			buildActionMask = 2147483647;
			files = (
			);
			runOnlyForDeploymentPostprocessing = 0;
		};
		2B1ED0D42109C97000C89C9A /* Frameworks */ = {
			isa = PBXFrameworksBuildPhase;
			buildActionMask = 2147483647;
			files = (
			);
			runOnlyForDeploymentPostprocessing = 0;
		};
/* End PBXFrameworksBuildPhase section */

/* Begin PBXGroup section */
		2B1ED0AF2109C96E00C89C9A = {
			isa = PBXGroup;
			children = (
				2B1ED0BA2109C96E00C89C9A /* TicTacToe */,
				2B1ED0CF2109C97000C89C9A /* TicTacToeTests */,
				2B1ED0DA2109C97000C89C9A /* TicTacToeUITests */,
				2B1ED0B92109C96E00C89C9A /* Products */,
			);
			sourceTree = "<group>";
		};
		2B1ED0B92109C96E00C89C9A /* Products */ = {
			isa = PBXGroup;
			children = (
				2B1ED0B82109C96E00C89C9A /* TicTacToe.app */,
				2B1ED0CC2109C97000C89C9A /* TicTacToeTests.xctest */,
				2B1ED0D72109C97000C89C9A /* TicTacToeUITests.xctest */,
			);
			name = Products;
			sourceTree = "<group>";
		};
		2B1ED0BA2109C96E00C89C9A /* TicTacToe */ = {
			isa = PBXGroup;
			children = (
				2B1ED0F7210AE56400C89C9A /* Player.swift */,
				2B1ED0F3210A2DFF00C89C9A /* Brain.swift */,
				2B1ED0BB2109C96E00C89C9A /* AppDelegate.swift */,
				2B1ED0BD2109C96E00C89C9A /* ViewController.swift */,
				2B1ED0BF2109C96E00C89C9A /* Main.storyboard */,
				2B1ED0C22109C97000C89C9A /* Assets.xcassets */,
				2B1ED0C42109C97000C89C9A /* LaunchScreen.storyboard */,
				2B1ED0C72109C97000C89C9A /* Info.plist */,
				2B1ED0ED2109CC3500C89C9A /* GameBoard.swift */,
				2B1ED0F9210AE61100C89C9A /* Game.swift */,
				2B1ED0FB210B06DF00C89C9A /* GameState.swift */,
			);
			path = TicTacToe;
			sourceTree = "<group>";
		};
		2B1ED0CF2109C97000C89C9A /* TicTacToeTests */ = {
			isa = PBXGroup;
			children = (
				2B1ED0D22109C97000C89C9A /* Info.plist */,
				2B1ED0EF2109CD3B00C89C9A /* BrainTests.swift */,
				2B1ED0F5210AE08700C89C9A /* GameTests.swift */,
			);
			path = TicTacToeTests;
			sourceTree = "<group>";
		};
		2B1ED0DA2109C97000C89C9A /* TicTacToeUITests */ = {
			isa = PBXGroup;
			children = (
				2B1ED0DB2109C97000C89C9A /* TicTacToeUITests.swift */,
				2B1ED0DD2109C97000C89C9A /* Info.plist */,
			);
			path = TicTacToeUITests;
			sourceTree = "<group>";
		};
/* End PBXGroup section */

/* Begin PBXNativeTarget section */
		2B1ED0B72109C96E00C89C9A /* TicTacToe */ = {
			isa = PBXNativeTarget;
			buildConfigurationList = 2B1ED0E02109C97000C89C9A /* Build configuration list for PBXNativeTarget "TicTacToe" */;
			buildPhases = (
				2B1ED0B42109C96E00C89C9A /* Sources */,
				2B1ED0B52109C96E00C89C9A /* Frameworks */,
				2B1ED0B62109C96E00C89C9A /* Resources */,
			);
			buildRules = (
			);
			dependencies = (
			);
			name = TicTacToe;
			productName = TicTacToe;
			productReference = 2B1ED0B82109C96E00C89C9A /* TicTacToe.app */;
			productType = "com.apple.product-type.application";
		};
		2B1ED0CB2109C97000C89C9A /* TicTacToeTests */ = {
			isa = PBXNativeTarget;
			buildConfigurationList = 2B1ED0E32109C97000C89C9A /* Build configuration list for PBXNativeTarget "TicTacToeTests" */;
			buildPhases = (
				2B1ED0C82109C97000C89C9A /* Sources */,
				2B1ED0C92109C97000C89C9A /* Frameworks */,
				2B1ED0CA2109C97000C89C9A /* Resources */,
			);
			buildRules = (
			);
			dependencies = (
				2B1ED0CE2109C97000C89C9A /* PBXTargetDependency */,
			);
			name = TicTacToeTests;
			productName = TicTacToeTests;
			productReference = 2B1ED0CC2109C97000C89C9A /* TicTacToeTests.xctest */;
			productType = "com.apple.product-type.bundle.unit-test";
		};
		2B1ED0D62109C97000C89C9A /* TicTacToeUITests */ = {
			isa = PBXNativeTarget;
			buildConfigurationList = 2B1ED0E62109C97000C89C9A /* Build configuration list for PBXNativeTarget "TicTacToeUITests" */;
			buildPhases = (
				2B1ED0D32109C97000C89C9A /* Sources */,
				2B1ED0D42109C97000C89C9A /* Frameworks */,
				2B1ED0D52109C97000C89C9A /* Resources */,
			);
			buildRules = (
			);
			dependencies = (
				2B1ED0D92109C97000C89C9A /* PBXTargetDependency */,
			);
			name = TicTacToeUITests;
			productName = TicTacToeUITests;
			productReference = 2B1ED0D72109C97000C89C9A /* TicTacToeUITests.xctest */;
			productType = "com.apple.product-type.bundle.ui-testing";
		};
/* End PBXNativeTarget section */

/* Begin PBXProject section */
		2B1ED0B02109C96E00C89C9A /* Project object */ = {
			isa = PBXProject;
			attributes = {
				LastSwiftUpdateCheck = 0940;
				LastUpgradeCheck = 0940;
				ORGANIZATIONNAME = JakeMobileDev;
				TargetAttributes = {
					2B1ED0B72109C96E00C89C9A = {
						CreatedOnToolsVersion = 9.4.1;
					};
					2B1ED0CB2109C97000C89C9A = {
						CreatedOnToolsVersion = 9.4.1;
						LastSwiftMigration = 0940;
						TestTargetID = 2B1ED0B72109C96E00C89C9A;
					};
					2B1ED0D62109C97000C89C9A = {
						CreatedOnToolsVersion = 9.4.1;
						TestTargetID = 2B1ED0B72109C96E00C89C9A;
					};
				};
			};
			buildConfigurationList = 2B1ED0B32109C96E00C89C9A /* Build configuration list for PBXProject "TicTacToe" */;
			compatibilityVersion = "Xcode 9.3";
			developmentRegion = en;
			hasScannedForEncodings = 0;
			knownRegions = (
				en,
				Base,
			);
			mainGroup = 2B1ED0AF2109C96E00C89C9A;
			productRefGroup = 2B1ED0B92109C96E00C89C9A /* Products */;
			projectDirPath = "";
			projectRoot = "";
			targets = (
				2B1ED0B72109C96E00C89C9A /* TicTacToe */,
				2B1ED0CB2109C97000C89C9A /* TicTacToeTests */,
				2B1ED0D62109C97000C89C9A /* TicTacToeUITests */,
			);
		};
/* End PBXProject section */

/* Begin PBXResourcesBuildPhase section */
		2B1ED0B62109C96E00C89C9A /* Resources */ = {
			isa = PBXResourcesBuildPhase;
			buildActionMask = 2147483647;
			files = (
				2B1ED0C62109C97000C89C9A /* LaunchScreen.storyboard in Resources */,
				2B1ED0C32109C97000C89C9A /* Assets.xcassets in Resources */,
				2B1ED0C12109C96E00C89C9A /* Main.storyboard in Resources */,
			);
			runOnlyForDeploymentPostprocessing = 0;
		};
		2B1ED0CA2109C97000C89C9A /* Resources */ = {
			isa = PBXResourcesBuildPhase;
			buildActionMask = 2147483647;
			files = (
			);
			runOnlyForDeploymentPostprocessing = 0;
		};
		2B1ED0D52109C97000C89C9A /* Resources */ = {
			isa = PBXResourcesBuildPhase;
			buildActionMask = 2147483647;
			files = (
			);
			runOnlyForDeploymentPostprocessing = 0;
		};
/* End PBXResourcesBuildPhase section */

/* Begin PBXSourcesBuildPhase section */
		2B1ED0B42109C96E00C89C9A /* Sources */ = {
			isa = PBXSourcesBuildPhase;
			buildActionMask = 2147483647;
			files = (
				2B1ED0FC210B06DF00C89C9A /* GameState.swift in Sources */,
				2B1ED0BE2109C96E00C89C9A /* ViewController.swift in Sources */,
				2B1ED0FA210AE61100C89C9A /* Game.swift in Sources */,
				2B1ED0EE2109CC3500C89C9A /* GameBoard.swift in Sources */,
				2B1ED0BC2109C96E00C89C9A /* AppDelegate.swift in Sources */,
				2B1ED0F4210A2DFF00C89C9A /* Brain.swift in Sources */,
				2B1ED0F8210AE56400C89C9A /* Player.swift in Sources */,
			);
			runOnlyForDeploymentPostprocessing = 0;
		};
		2B1ED0C82109C97000C89C9A /* Sources */ = {
			isa = PBXSourcesBuildPhase;
			buildActionMask = 2147483647;
			files = (
				2B1ED0F02109CD3B00C89C9A /* BrainTests.swift in Sources */,
				2B1ED0F6210AE08700C89C9A /* GameTests.swift in Sources */,
			);
			runOnlyForDeploymentPostprocessing = 0;
		};
		2B1ED0D32109C97000C89C9A /* Sources */ = {
			isa = PBXSourcesBuildPhase;
			buildActionMask = 2147483647;
			files = (
				2B1ED0DC2109C97000C89C9A /* TicTacToeUITests.swift in Sources */,
			);
			runOnlyForDeploymentPostprocessing = 0;
		};
/* End PBXSourcesBuildPhase section */

/* Begin PBXTargetDependency section */
		2B1ED0CE2109C97000C89C9A /* PBXTargetDependency */ = {
			isa = PBXTargetDependency;
			target = 2B1ED0B72109C96E00C89C9A /* TicTacToe */;
			targetProxy = 2B1ED0CD2109C97000C89C9A /* PBXContainerItemProxy */;
		};
		2B1ED0D92109C97000C89C9A /* PBXTargetDependency */ = {
			isa = PBXTargetDependency;
			target = 2B1ED0B72109C96E00C89C9A /* TicTacToe */;
			targetProxy = 2B1ED0D82109C97000C89C9A /* PBXContainerItemProxy */;
		};
/* End PBXTargetDependency section */

/* Begin PBXVariantGroup section */
		2B1ED0BF2109C96E00C89C9A /* Main.storyboard */ = {
			isa = PBXVariantGroup;
			children = (
				2B1ED0C02109C96E00C89C9A /* Base */,
			);
			name = Main.storyboard;
			sourceTree = "<group>";
		};
		2B1ED0C42109C97000C89C9A /* LaunchScreen.storyboard */ = {
			isa = PBXVariantGroup;
			children = (
				2B1ED0C52109C97000C89C9A /* Base */,
			);
			name = LaunchScreen.storyboard;
			sourceTree = "<group>";
		};
/* End PBXVariantGroup section */

/* Begin XCBuildConfiguration section */
		2B1ED0DE2109C97000C89C9A /* Debug */ = {
			isa = XCBuildConfiguration;
			buildSettings = {
				ALWAYS_SEARCH_USER_PATHS = NO;
				CLANG_ANALYZER_NONNULL = YES;
				CLANG_ANALYZER_NUMBER_OBJECT_CONVERSION = YES_AGGRESSIVE;
				CLANG_CXX_LANGUAGE_STANDARD = "gnu++14";
				CLANG_CXX_LIBRARY = "libc++";
				CLANG_ENABLE_MODULES = YES;
				CLANG_ENABLE_OBJC_ARC = YES;
				CLANG_ENABLE_OBJC_WEAK = YES;
				CLANG_WARN_BLOCK_CAPTURE_AUTORELEASING = YES;
				CLANG_WARN_BOOL_CONVERSION = YES;
				CLANG_WARN_COMMA = YES;
				CLANG_WARN_CONSTANT_CONVERSION = YES;
				CLANG_WARN_DEPRECATED_OBJC_IMPLEMENTATIONS = YES;
				CLANG_WARN_DIRECT_OBJC_ISA_USAGE = YES_ERROR;
				CLANG_WARN_DOCUMENTATION_COMMENTS = YES;
				CLANG_WARN_EMPTY_BODY = YES;
				CLANG_WARN_ENUM_CONVERSION = YES;
				CLANG_WARN_INFINITE_RECURSION = YES;
				CLANG_WARN_INT_CONVERSION = YES;
				CLANG_WARN_NON_LITERAL_NULL_CONVERSION = YES;
				CLANG_WARN_OBJC_IMPLICIT_RETAIN_SELF = YES;
				CLANG_WARN_OBJC_LITERAL_CONVERSION = YES;
				CLANG_WARN_OBJC_ROOT_CLASS = YES_ERROR;
				CLANG_WARN_RANGE_LOOP_ANALYSIS = YES;
				CLANG_WARN_STRICT_PROTOTYPES = YES;
				CLANG_WARN_SUSPICIOUS_MOVE = YES;
				CLANG_WARN_UNGUARDED_AVAILABILITY = YES_AGGRESSIVE;
				CLANG_WARN_UNREACHABLE_CODE = YES;
				CLANG_WARN__DUPLICATE_METHOD_MATCH = YES;
				CODE_SIGN_IDENTITY = "iPhone Developer";
				COPY_PHASE_STRIP = NO;
				DEBUG_INFORMATION_FORMAT = dwarf;
				ENABLE_STRICT_OBJC_MSGSEND = YES;
				ENABLE_TESTABILITY = YES;
				GCC_C_LANGUAGE_STANDARD = gnu11;
				GCC_DYNAMIC_NO_PIC = NO;
				GCC_NO_COMMON_BLOCKS = YES;
				GCC_OPTIMIZATION_LEVEL = 0;
				GCC_PREPROCESSOR_DEFINITIONS = (
					"DEBUG=1",
					"$(inherited)",
				);
				GCC_WARN_64_TO_32_BIT_CONVERSION = YES;
				GCC_WARN_ABOUT_RETURN_TYPE = YES_ERROR;
				GCC_WARN_UNDECLARED_SELECTOR = YES;
				GCC_WARN_UNINITIALIZED_AUTOS = YES_AGGRESSIVE;
				GCC_WARN_UNUSED_FUNCTION = YES;
				GCC_WARN_UNUSED_VARIABLE = YES;
				IPHONEOS_DEPLOYMENT_TARGET = 11.4;
				MTL_ENABLE_DEBUG_INFO = YES;
				ONLY_ACTIVE_ARCH = YES;
				SDKROOT = iphoneos;
				SWIFT_ACTIVE_COMPILATION_CONDITIONS = DEBUG;
				SWIFT_OPTIMIZATION_LEVEL = "-Onone";
			};
			name = Debug;
		};
		2B1ED0DF2109C97000C89C9A /* Release */ = {
			isa = XCBuildConfiguration;
			buildSettings = {
				ALWAYS_SEARCH_USER_PATHS = NO;
				CLANG_ANALYZER_NONNULL = YES;
				CLANG_ANALYZER_NUMBER_OBJECT_CONVERSION = YES_AGGRESSIVE;
				CLANG_CXX_LANGUAGE_STANDARD = "gnu++14";
				CLANG_CXX_LIBRARY = "libc++";
				CLANG_ENABLE_MODULES = YES;
				CLANG_ENABLE_OBJC_ARC = YES;
				CLANG_ENABLE_OBJC_WEAK = YES;
				CLANG_WARN_BLOCK_CAPTURE_AUTORELEASING = YES;
				CLANG_WARN_BOOL_CONVERSION = YES;
				CLANG_WARN_COMMA = YES;
				CLANG_WARN_CONSTANT_CONVERSION = YES;
				CLANG_WARN_DEPRECATED_OBJC_IMPLEMENTATIONS = YES;
				CLANG_WARN_DIRECT_OBJC_ISA_USAGE = YES_ERROR;
				CLANG_WARN_DOCUMENTATION_COMMENTS = YES;
				CLANG_WARN_EMPTY_BODY = YES;
				CLANG_WARN_ENUM_CONVERSION = YES;
				CLANG_WARN_INFINITE_RECURSION = YES;
				CLANG_WARN_INT_CONVERSION = YES;
				CLANG_WARN_NON_LITERAL_NULL_CONVERSION = YES;
				CLANG_WARN_OBJC_IMPLICIT_RETAIN_SELF = YES;
				CLANG_WARN_OBJC_LITERAL_CONVERSION = YES;
				CLANG_WARN_OBJC_ROOT_CLASS = YES_ERROR;
				CLANG_WARN_RANGE_LOOP_ANALYSIS = YES;
				CLANG_WARN_STRICT_PROTOTYPES = YES;
				CLANG_WARN_SUSPICIOUS_MOVE = YES;
				CLANG_WARN_UNGUARDED_AVAILABILITY = YES_AGGRESSIVE;
				CLANG_WARN_UNREACHABLE_CODE = YES;
				CLANG_WARN__DUPLICATE_METHOD_MATCH = YES;
				CODE_SIGN_IDENTITY = "iPhone Developer";
				COPY_PHASE_STRIP = NO;
				DEBUG_INFORMATION_FORMAT = "dwarf-with-dsym";
				ENABLE_NS_ASSERTIONS = NO;
				ENABLE_STRICT_OBJC_MSGSEND = YES;
				GCC_C_LANGUAGE_STANDARD = gnu11;
				GCC_NO_COMMON_BLOCKS = YES;
				GCC_WARN_64_TO_32_BIT_CONVERSION = YES;
				GCC_WARN_ABOUT_RETURN_TYPE = YES_ERROR;
				GCC_WARN_UNDECLARED_SELECTOR = YES;
				GCC_WARN_UNINITIALIZED_AUTOS = YES_AGGRESSIVE;
				GCC_WARN_UNUSED_FUNCTION = YES;
				GCC_WARN_UNUSED_VARIABLE = YES;
				IPHONEOS_DEPLOYMENT_TARGET = 11.4;
				MTL_ENABLE_DEBUG_INFO = NO;
				SDKROOT = iphoneos;
				SWIFT_COMPILATION_MODE = wholemodule;
				SWIFT_OPTIMIZATION_LEVEL = "-O";
				VALIDATE_PRODUCT = YES;
			};
			name = Release;
		};
		2B1ED0E12109C97000C89C9A /* Debug */ = {
			isa = XCBuildConfiguration;
			buildSettings = {
				ASSETCATALOG_COMPILER_APPICON_NAME = AppIcon;
				CODE_SIGN_STYLE = Automatic;
				DEVELOPMENT_TEAM = 4L75R28P26;
				INFOPLIST_FILE = TicTacToe/Info.plist;
				LD_RUNPATH_SEARCH_PATHS = (
					"$(inherited)",
					"@executable_path/Frameworks",
				);
				PRODUCT_BUNDLE_IDENTIFIER = com.JakeMobileDev.TicTacToe;
				PRODUCT_NAME = "$(TARGET_NAME)";
				SWIFT_VERSION = 4.0;
				TARGETED_DEVICE_FAMILY = "1,2";
			};
			name = Debug;
		};
		2B1ED0E22109C97000C89C9A /* Release */ = {
			isa = XCBuildConfiguration;
			buildSettings = {
				ASSETCATALOG_COMPILER_APPICON_NAME = AppIcon;
				CODE_SIGN_STYLE = Automatic;
				DEVELOPMENT_TEAM = 4L75R28P26;
				INFOPLIST_FILE = TicTacToe/Info.plist;
				LD_RUNPATH_SEARCH_PATHS = (
					"$(inherited)",
					"@executable_path/Frameworks",
				);
				PRODUCT_BUNDLE_IDENTIFIER = com.JakeMobileDev.TicTacToe;
				PRODUCT_NAME = "$(TARGET_NAME)";
				SWIFT_VERSION = 4.0;
				TARGETED_DEVICE_FAMILY = "1,2";
			};
			name = Release;
		};
		2B1ED0E42109C97000C89C9A /* Debug */ = {
			isa = XCBuildConfiguration;
			buildSettings = {
				ALWAYS_EMBED_SWIFT_STANDARD_LIBRARIES = YES;
				BUNDLE_LOADER = "$(TEST_HOST)";
				CLANG_ENABLE_MODULES = YES;
				CODE_SIGN_STYLE = Automatic;
				DEVELOPMENT_TEAM = 4L75R28P26;
				INFOPLIST_FILE = TicTacToeTests/Info.plist;
				LD_RUNPATH_SEARCH_PATHS = (
					"$(inherited)",
					"@executable_path/Frameworks",
					"@loader_path/Frameworks",
				);
				PRODUCT_BUNDLE_IDENTIFIER = com.JakeMobileDev.TicTacToeTests;
				PRODUCT_NAME = "$(TARGET_NAME)";
				SWIFT_OPTIMIZATION_LEVEL = "-Onone";
				SWIFT_VERSION = 4.0;
				TARGETED_DEVICE_FAMILY = "1,2";
				TEST_HOST = "$(BUILT_PRODUCTS_DIR)/TicTacToe.app/TicTacToe";
			};
			name = Debug;
		};
		2B1ED0E52109C97000C89C9A /* Release */ = {
			isa = XCBuildConfiguration;
			buildSettings = {
				ALWAYS_EMBED_SWIFT_STANDARD_LIBRARIES = YES;
				BUNDLE_LOADER = "$(TEST_HOST)";
				CLANG_ENABLE_MODULES = YES;
				CODE_SIGN_STYLE = Automatic;
				DEVELOPMENT_TEAM = 4L75R28P26;
				INFOPLIST_FILE = TicTacToeTests/Info.plist;
				LD_RUNPATH_SEARCH_PATHS = (
					"$(inherited)",
					"@executable_path/Frameworks",
					"@loader_path/Frameworks",
				);
				PRODUCT_BUNDLE_IDENTIFIER = com.JakeMobileDev.TicTacToeTests;
				PRODUCT_NAME = "$(TARGET_NAME)";
				SWIFT_VERSION = 4.0;
				TARGETED_DEVICE_FAMILY = "1,2";
				TEST_HOST = "$(BUILT_PRODUCTS_DIR)/TicTacToe.app/TicTacToe";
			};
			name = Release;
		};
		2B1ED0E72109C97000C89C9A /* Debug */ = {
			isa = XCBuildConfiguration;
			buildSettings = {
				ALWAYS_EMBED_SWIFT_STANDARD_LIBRARIES = YES;
				CODE_SIGN_STYLE = Automatic;
				DEVELOPMENT_TEAM = 4L75R28P26;
				INFOPLIST_FILE = TicTacToeUITests/Info.plist;
				LD_RUNPATH_SEARCH_PATHS = (
					"$(inherited)",
					"@executable_path/Frameworks",
					"@loader_path/Frameworks",
				);
				PRODUCT_BUNDLE_IDENTIFIER = com.JakeMobileDev.TicTacToeUITests;
				PRODUCT_NAME = "$(TARGET_NAME)";
				SWIFT_VERSION = 4.0;
				TARGETED_DEVICE_FAMILY = "1,2";
				TEST_TARGET_NAME = TicTacToe;
			};
			name = Debug;
		};
		2B1ED0E82109C97000C89C9A /* Release */ = {
			isa = XCBuildConfiguration;
			buildSettings = {
				ALWAYS_EMBED_SWIFT_STANDARD_LIBRARIES = YES;
				CODE_SIGN_STYLE = Automatic;
				DEVELOPMENT_TEAM = 4L75R28P26;
				INFOPLIST_FILE = TicTacToeUITests/Info.plist;
				LD_RUNPATH_SEARCH_PATHS = (
					"$(inherited)",
					"@executable_path/Frameworks",
					"@loader_path/Frameworks",
				);
				PRODUCT_BUNDLE_IDENTIFIER = com.JakeMobileDev.TicTacToeUITests;
				PRODUCT_NAME = "$(TARGET_NAME)";
				SWIFT_VERSION = 4.0;
				TARGETED_DEVICE_FAMILY = "1,2";
				TEST_TARGET_NAME = TicTacToe;
			};
			name = Release;
		};
/* End XCBuildConfiguration section */

/* Begin XCConfigurationList section */
		2B1ED0B32109C96E00C89C9A /* Build configuration list for PBXProject "TicTacToe" */ = {
			isa = XCConfigurationList;
			buildConfigurations = (
				2B1ED0DE2109C97000C89C9A /* Debug */,
				2B1ED0DF2109C97000C89C9A /* Release */,
			);
			defaultConfigurationIsVisible = 0;
			defaultConfigurationName = Release;
		};
		2B1ED0E02109C97000C89C9A /* Build configuration list for PBXNativeTarget "TicTacToe" */ = {
			isa = XCConfigurationList;
			buildConfigurations = (
				2B1ED0E12109C97000C89C9A /* Debug */,
				2B1ED0E22109C97000C89C9A /* Release */,
			);
			defaultConfigurationIsVisible = 0;
			defaultConfigurationName = Release;
		};
		2B1ED0E32109C97000C89C9A /* Build configuration list for PBXNativeTarget "TicTacToeTests" */ = {
			isa = XCConfigurationList;
			buildConfigurations = (
				2B1ED0E42109C97000C89C9A /* Debug */,
				2B1ED0E52109C97000C89C9A /* Release */,
			);
			defaultConfigurationIsVisible = 0;
			defaultConfigurationName = Release;
		};
		2B1ED0E62109C97000C89C9A /* Build configuration list for PBXNativeTarget "TicTacToeUITests" */ = {
			isa = XCConfigurationList;
			buildConfigurations = (
				2B1ED0E72109C97000C89C9A /* Debug */,
				2B1ED0E82109C97000C89C9A /* Release */,
			);
			defaultConfigurationIsVisible = 0;
			defaultConfigurationName = Release;
		};
/* End XCConfigurationList section */
	};
	rootObject = 2B1ED0B02109C96E00C89C9A /* Project object */;
}
